// !$*UTF8*$!
{
	archiveVersion = 1;
	classes = {
	};
	objectVersion = 77;
	objects = {

/* Begin PBXBuildFile section */
		F20D19FF2E8BEA3900EE0CC1 /* SnapKit in Frameworks */ = {isa = PBXBuildFile; productRef = F20D19FE2E8BEA3900EE0CC1 /* SnapKit */; };
		F251E0BE2E9A41D000EEB92C /* Alamofire in Frameworks */ = {isa = PBXBuildFile; productRef = F251E0BD2E9A41D000EEB92C /* Alamofire */; };
/* End PBXBuildFile section */

/* Begin PBXContainerItemProxy section */
		F224D6AB2E9A4A8B0094EC2C /* PBXContainerItemProxy */ = {
			isa = PBXContainerItemProxy;
			containerPortal = F252EF342E421F39000F38D4 /* Project object */;
			proxyType = 1;
			remoteGlobalIDString = F252EF3B2E421F39000F38D4;
			remoteInfo = BookProject;
		};
		F224D6B82E9A4AC10094EC2C /* PBXContainerItemProxy */ = {
			isa = PBXContainerItemProxy;
			containerPortal = F252EF342E421F39000F38D4 /* Project object */;
			proxyType = 1;
			remoteGlobalIDString = F252EF3B2E421F39000F38D4;
			remoteInfo = BookProject;
		};
		F224D6C52E9A5A290094EC2C /* PBXContainerItemProxy */ = {
			isa = PBXContainerItemProxy;
			containerPortal = F252EF342E421F39000F38D4 /* Project object */;
			proxyType = 1;
			remoteGlobalIDString = F252EF3B2E421F39000F38D4;
			remoteInfo = BookProject;
		};
/* End PBXContainerItemProxy section */

/* Begin PBXFileReference section */
		F224D6A72E9A4A8B0094EC2C /* BookListViewModelTests.xctest */ = {isa = PBXFileReference; explicitFileType = wrapper.cfbundle; includeInIndex = 0; path = BookListViewModelTests.xctest; sourceTree = BUILT_PRODUCTS_DIR; };
		F224D6B42E9A4AC10094EC2C /* BookPictureViewModelTests.xctest */ = {isa = PBXFileReference; explicitFileType = wrapper.cfbundle; includeInIndex = 0; path = BookPictureViewModelTests.xctest; sourceTree = BUILT_PRODUCTS_DIR; };
		F224D6C12E9A5A290094EC2C /* BookSearchViewModelTests.xctest */ = {isa = PBXFileReference; explicitFileType = wrapper.cfbundle; includeInIndex = 0; path = BookSearchViewModelTests.xctest; sourceTree = BUILT_PRODUCTS_DIR; };
		F251E0BB2E9A3E6700EEB92C /* BookListViewModelTests.xctestplan */ = {isa = PBXFileReference; lastKnownFileType = text; path = BookListViewModelTests.xctestplan; sourceTree = "<group>"; };
		F252EF3C2E421F39000F38D4 /* BookProject.app */ = {isa = PBXFileReference; explicitFileType = wrapper.application; includeInIndex = 0; path = BookProject.app; sourceTree = BUILT_PRODUCTS_DIR; };
/* End PBXFileReference section */

/* Begin PBXFileSystemSynchronizedBuildFileExceptionSet section */
		F252EF4E2E421F3B000F38D4 /* Exceptions for "BookProject" folder in "BookProject" target */ = {
			isa = PBXFileSystemSynchronizedBuildFileExceptionSet;
			membershipExceptions = (
				Info.plist,
			);
			target = F252EF3B2E421F39000F38D4 /* BookProject */;
		};
/* End PBXFileSystemSynchronizedBuildFileExceptionSet section */

/* Begin PBXFileSystemSynchronizedRootGroup section */
		F224D6A82E9A4A8B0094EC2C /* BookListViewModelTests */ = {
			isa = PBXFileSystemSynchronizedRootGroup;
			path = BookListViewModelTests;
			sourceTree = "<group>";
		};
		F224D6B52E9A4AC10094EC2C /* BookPictureViewModelTests */ = {
			isa = PBXFileSystemSynchronizedRootGroup;
			path = BookPictureViewModelTests;
			sourceTree = "<group>";
		};
		F224D6C22E9A5A290094EC2C /* BookSearchViewModelTests */ = {
			isa = PBXFileSystemSynchronizedRootGroup;
			path = BookSearchViewModelTests;
			sourceTree = "<group>";
		};
		F252EF3E2E421F39000F38D4 /* BookProject */ = {
			isa = PBXFileSystemSynchronizedRootGroup;
			exceptions = (
				F252EF4E2E421F3B000F38D4 /* Exceptions for "BookProject" folder in "BookProject" target */,
			);
			path = BookProject;
			sourceTree = "<group>";
		};
/* End PBXFileSystemSynchronizedRootGroup section */

/* Begin PBXFrameworksBuildPhase section */
		F224D6A42E9A4A8B0094EC2C /* Frameworks */ = {
			isa = PBXFrameworksBuildPhase;
			buildActionMask = 2147483647;
			files = (
			);
			runOnlyForDeploymentPostprocessing = 0;
		};
		F224D6B12E9A4AC10094EC2C /* Frameworks */ = {
			isa = PBXFrameworksBuildPhase;
			buildActionMask = 2147483647;
			files = (
			);
			runOnlyForDeploymentPostprocessing = 0;
		};
		F224D6BE2E9A5A290094EC2C /* Frameworks */ = {
			isa = PBXFrameworksBuildPhase;
			buildActionMask = 2147483647;
			files = (
			);
			runOnlyForDeploymentPostprocessing = 0;
		};
		F252EF392E421F39000F38D4 /* Frameworks */ = {
			isa = PBXFrameworksBuildPhase;
			buildActionMask = 2147483647;
			files = (
				F20D19FF2E8BEA3900EE0CC1 /* SnapKit in Frameworks */,
				F251E0BE2E9A41D000EEB92C /* Alamofire in Frameworks */,
			);
			runOnlyForDeploymentPostprocessing = 0;
		};
/* End PBXFrameworksBuildPhase section */

/* Begin PBXGroup section */
		F252EF332E421F39000F38D4 = {
			isa = PBXGroup;
			children = (
				F251E0BB2E9A3E6700EEB92C /* BookListViewModelTests.xctestplan */,
				F252EF3E2E421F39000F38D4 /* BookProject */,
				F224D6A82E9A4A8B0094EC2C /* BookListViewModelTests */,
				F224D6B52E9A4AC10094EC2C /* BookPictureViewModelTests */,
				F224D6C22E9A5A290094EC2C /* BookSearchViewModelTests */,
				F252EF3D2E421F39000F38D4 /* Products */,
			);
			sourceTree = "<group>";
		};
		F252EF3D2E421F39000F38D4 /* Products */ = {
			isa = PBXGroup;
			children = (
				F252EF3C2E421F39000F38D4 /* BookProject.app */,
				F224D6A72E9A4A8B0094EC2C /* BookListViewModelTests.xctest */,
				F224D6B42E9A4AC10094EC2C /* BookPictureViewModelTests.xctest */,
				F224D6C12E9A5A290094EC2C /* BookSearchViewModelTests.xctest */,
			);
			name = Products;
			sourceTree = "<group>";
		};
/* End PBXGroup section */

/* Begin PBXNativeTarget section */
		F224D6A62E9A4A8B0094EC2C /* BookListViewModelTests */ = {
			isa = PBXNativeTarget;
			buildConfigurationList = F224D6AD2E9A4A8B0094EC2C /* Build configuration list for PBXNativeTarget "BookListViewModelTests" */;
			buildPhases = (
				F224D6A32E9A4A8B0094EC2C /* Sources */,
				F224D6A42E9A4A8B0094EC2C /* Frameworks */,
				F224D6A52E9A4A8B0094EC2C /* Resources */,
			);
			buildRules = (
			);
			dependencies = (
				F224D6AC2E9A4A8B0094EC2C /* PBXTargetDependency */,
			);
			fileSystemSynchronizedGroups = (
				F224D6A82E9A4A8B0094EC2C /* BookListViewModelTests */,
			);
			name = BookListViewModelTests;
			packageProductDependencies = (
			);
			productName = BookListViewModelTests;
			productReference = F224D6A72E9A4A8B0094EC2C /* BookListViewModelTests.xctest */;
			productType = "com.apple.product-type.bundle.unit-test";
		};
		F224D6B32E9A4AC10094EC2C /* BookPictureViewModelTests */ = {
			isa = PBXNativeTarget;
			buildConfigurationList = F224D6BA2E9A4AC10094EC2C /* Build configuration list for PBXNativeTarget "BookPictureViewModelTests" */;
			buildPhases = (
				F224D6B02E9A4AC10094EC2C /* Sources */,
				F224D6B12E9A4AC10094EC2C /* Frameworks */,
				F224D6B22E9A4AC10094EC2C /* Resources */,
			);
			buildRules = (
			);
			dependencies = (
				F224D6B92E9A4AC10094EC2C /* PBXTargetDependency */,
			);
			fileSystemSynchronizedGroups = (
				F224D6B52E9A4AC10094EC2C /* BookPictureViewModelTests */,
			);
			name = BookPictureViewModelTests;
			packageProductDependencies = (
			);
			productName = BookPictureViewModelTests;
			productReference = F224D6B42E9A4AC10094EC2C /* BookPictureViewModelTests.xctest */;
			productType = "com.apple.product-type.bundle.unit-test";
		};
		F224D6C02E9A5A290094EC2C /* BookSearchViewModelTests */ = {
			isa = PBXNativeTarget;
			buildConfigurationList = F224D6C72E9A5A290094EC2C /* Build configuration list for PBXNativeTarget "BookSearchViewModelTests" */;
			buildPhases = (
				F224D6BD2E9A5A290094EC2C /* Sources */,
				F224D6BE2E9A5A290094EC2C /* Frameworks */,
				F224D6BF2E9A5A290094EC2C /* Resources */,
			);
			buildRules = (
			);
			dependencies = (
				F224D6C62E9A5A290094EC2C /* PBXTargetDependency */,
			);
			fileSystemSynchronizedGroups = (
				F224D6C22E9A5A290094EC2C /* BookSearchViewModelTests */,
			);
			name = BookSearchViewModelTests;
			packageProductDependencies = (
			);
			productName = BookSearchViewModelTests;
			productReference = F224D6C12E9A5A290094EC2C /* BookSearchViewModelTests.xctest */;
			productType = "com.apple.product-type.bundle.unit-test";
		};
		F252EF3B2E421F39000F38D4 /* BookProject */ = {
			isa = PBXNativeTarget;
			buildConfigurationList = F252EF4F2E421F3B000F38D4 /* Build configuration list for PBXNativeTarget "BookProject" */;
			buildPhases = (
				F252EF382E421F39000F38D4 /* Sources */,
				F252EF392E421F39000F38D4 /* Frameworks */,
				F252EF3A2E421F39000F38D4 /* Resources */,
			);
			buildRules = (
			);
			dependencies = (
			);
			fileSystemSynchronizedGroups = (
				F252EF3E2E421F39000F38D4 /* BookProject */,
			);
			name = BookProject;
			packageProductDependencies = (
				F20D19FE2E8BEA3900EE0CC1 /* SnapKit */,
				F251E0BD2E9A41D000EEB92C /* Alamofire */,
			);
			productName = BookProject;
			productReference = F252EF3C2E421F39000F38D4 /* BookProject.app */;
			productType = "com.apple.product-type.application";
		};
/* End PBXNativeTarget section */

/* Begin PBXProject section */
		F252EF342E421F39000F38D4 /* Project object */ = {
			isa = PBXProject;
			attributes = {
				BuildIndependentTargetsInParallel = 1;
				LastSwiftUpdateCheck = 1610;
				LastUpgradeCheck = 1610;
				TargetAttributes = {
					F224D6A62E9A4A8B0094EC2C = {
						CreatedOnToolsVersion = 16.1;
						TestTargetID = F252EF3B2E421F39000F38D4;
					};
					F224D6B32E9A4AC10094EC2C = {
						CreatedOnToolsVersion = 16.1;
						TestTargetID = F252EF3B2E421F39000F38D4;
					};
					F224D6C02E9A5A290094EC2C = {
						CreatedOnToolsVersion = 16.1;
						TestTargetID = F252EF3B2E421F39000F38D4;
					};
					F252EF3B2E421F39000F38D4 = {
						CreatedOnToolsVersion = 16.1;
					};
				};
			};
			buildConfigurationList = F252EF372E421F39000F38D4 /* Build configuration list for PBXProject "BookProject" */;
			developmentRegion = en;
			hasScannedForEncodings = 0;
			knownRegions = (
				en,
				Base,
			);
			mainGroup = F252EF332E421F39000F38D4;
			minimizedProjectReferenceProxies = 1;
			packageReferences = (
				F20D19FD2E8BEA3900EE0CC1 /* XCRemoteSwiftPackageReference "SnapKit" */,
				F251E0BC2E9A41D000EEB92C /* XCRemoteSwiftPackageReference "Alamofire" */,
			);
			preferredProjectObjectVersion = 77;
			productRefGroup = F252EF3D2E421F39000F38D4 /* Products */;
			projectDirPath = "";
			projectRoot = "";
			targets = (
				F252EF3B2E421F39000F38D4 /* BookProject */,
				F224D6A62E9A4A8B0094EC2C /* BookListViewModelTests */,
				F224D6B32E9A4AC10094EC2C /* BookPictureViewModelTests */,
				F224D6C02E9A5A290094EC2C /* BookSearchViewModelTests */,
			);
		};
/* End PBXProject section */

/* Begin PBXResourcesBuildPhase section */
		F224D6A52E9A4A8B0094EC2C /* Resources */ = {
			isa = PBXResourcesBuildPhase;
			buildActionMask = 2147483647;
			files = (
			);
			runOnlyForDeploymentPostprocessing = 0;
		};
		F224D6B22E9A4AC10094EC2C /* Resources */ = {
			isa = PBXResourcesBuildPhase;
			buildActionMask = 2147483647;
			files = (
			);
			runOnlyForDeploymentPostprocessing = 0;
		};
		F224D6BF2E9A5A290094EC2C /* Resources */ = {
			isa = PBXResourcesBuildPhase;
			buildActionMask = 2147483647;
			files = (
			);
			runOnlyForDeploymentPostprocessing = 0;
		};
		F252EF3A2E421F39000F38D4 /* Resources */ = {
			isa = PBXResourcesBuildPhase;
			buildActionMask = 2147483647;
			files = (
			);
			runOnlyForDeploymentPostprocessing = 0;
		};
/* End PBXResourcesBuildPhase section */

/* Begin PBXSourcesBuildPhase section */
		F224D6A32E9A4A8B0094EC2C /* Sources */ = {
			isa = PBXSourcesBuildPhase;
			buildActionMask = 2147483647;
			files = (
			);
			runOnlyForDeploymentPostprocessing = 0;
		};
		F224D6B02E9A4AC10094EC2C /* Sources */ = {
			isa = PBXSourcesBuildPhase;
			buildActionMask = 2147483647;
			files = (
			);
			runOnlyForDeploymentPostprocessing = 0;
		};
		F224D6BD2E9A5A290094EC2C /* Sources */ = {
			isa = PBXSourcesBuildPhase;
			buildActionMask = 2147483647;
			files = (
			);
			runOnlyForDeploymentPostprocessing = 0;
		};
		F252EF382E421F39000F38D4 /* Sources */ = {
			isa = PBXSourcesBuildPhase;
			buildActionMask = 2147483647;
			files = (
			);
			runOnlyForDeploymentPostprocessing = 0;
		};
/* End PBXSourcesBuildPhase section */

/* Begin PBXTargetDependency section */
		F224D6AC2E9A4A8B0094EC2C /* PBXTargetDependency */ = {
			isa = PBXTargetDependency;
			target = F252EF3B2E421F39000F38D4 /* BookProject */;
			targetProxy = F224D6AB2E9A4A8B0094EC2C /* PBXContainerItemProxy */;
		};
		F224D6B92E9A4AC10094EC2C /* PBXTargetDependency */ = {
			isa = PBXTargetDependency;
			target = F252EF3B2E421F39000F38D4 /* BookProject */;
			targetProxy = F224D6B82E9A4AC10094EC2C /* PBXContainerItemProxy */;
		};
		F224D6C62E9A5A290094EC2C /* PBXTargetDependency */ = {
			isa = PBXTargetDependency;
			target = F252EF3B2E421F39000F38D4 /* BookProject */;
			targetProxy = F224D6C52E9A5A290094EC2C /* PBXContainerItemProxy */;
		};
/* End PBXTargetDependency section */

/* Begin XCBuildConfiguration section */
		F224D6AE2E9A4A8B0094EC2C /* Debug */ = {
			isa = XCBuildConfiguration;
			buildSettings = {
				BUNDLE_LOADER = "$(TEST_HOST)";
				CODE_SIGN_STYLE = Automatic;
				CURRENT_PROJECT_VERSION = 1;
				GENERATE_INFOPLIST_FILE = YES;
				MARKETING_VERSION = 1.0;
				PRODUCT_BUNDLE_IDENTIFIER = com.JiYoon.BookListViewModelTests;
				PRODUCT_NAME = "$(TARGET_NAME)";
				SWIFT_EMIT_LOC_STRINGS = NO;
				SWIFT_VERSION = 5.0;
				TARGETED_DEVICE_FAMILY = "1,2";
				TEST_HOST = "$(BUILT_PRODUCTS_DIR)/BookProject.app/$(BUNDLE_EXECUTABLE_FOLDER_PATH)/BookProject";
			};
			name = Debug;
		};
		F224D6AF2E9A4A8B0094EC2C /* Release */ = {
			isa = XCBuildConfiguration;
			buildSettings = {
				BUNDLE_LOADER = "$(TEST_HOST)";
				CODE_SIGN_STYLE = Automatic;
				CURRENT_PROJECT_VERSION = 1;
				GENERATE_INFOPLIST_FILE = YES;
				MARKETING_VERSION = 1.0;
				PRODUCT_BUNDLE_IDENTIFIER = com.JiYoon.BookListViewModelTests;
				PRODUCT_NAME = "$(TARGET_NAME)";
				SWIFT_EMIT_LOC_STRINGS = NO;
				SWIFT_VERSION = 5.0;
				TARGETED_DEVICE_FAMILY = "1,2";
				TEST_HOST = "$(BUILT_PRODUCTS_DIR)/BookProject.app/$(BUNDLE_EXECUTABLE_FOLDER_PATH)/BookProject";
			};
			name = Release;
		};
		F224D6BB2E9A4AC10094EC2C /* Debug */ = {
			isa = XCBuildConfiguration;
			buildSettings = {
				BUNDLE_LOADER = "$(TEST_HOST)";
				CODE_SIGN_STYLE = Automatic;
				CURRENT_PROJECT_VERSION = 1;
				GENERATE_INFOPLIST_FILE = YES;
				MARKETING_VERSION = 1.0;
				PRODUCT_BUNDLE_IDENTIFIER = com.JiYoon.BookPictureViewModelTests;
				PRODUCT_NAME = "$(TARGET_NAME)";
				SWIFT_EMIT_LOC_STRINGS = NO;
				SWIFT_VERSION = 5.0;
				TARGETED_DEVICE_FAMILY = "1,2";
				TEST_HOST = "$(BUILT_PRODUCTS_DIR)/BookProject.app/$(BUNDLE_EXECUTABLE_FOLDER_PATH)/BookProject";
			};
			name = Debug;
		};
		F224D6BC2E9A4AC10094EC2C /* Release */ = {
			isa = XCBuildConfiguration;
			buildSettings = {
				BUNDLE_LOADER = "$(TEST_HOST)";
				CODE_SIGN_STYLE = Automatic;
				CURRENT_PROJECT_VERSION = 1;
				GENERATE_INFOPLIST_FILE = YES;
				MARKETING_VERSION = 1.0;
				PRODUCT_BUNDLE_IDENTIFIER = com.JiYoon.BookPictureViewModelTests;
				PRODUCT_NAME = "$(TARGET_NAME)";
				SWIFT_EMIT_LOC_STRINGS = NO;
				SWIFT_VERSION = 5.0;
				TARGETED_DEVICE_FAMILY = "1,2";
				TEST_HOST = "$(BUILT_PRODUCTS_DIR)/BookProject.app/$(BUNDLE_EXECUTABLE_FOLDER_PATH)/BookProject";
			};
			name = Release;
		};
		F224D6C82E9A5A290094EC2C /* Debug */ = {
			isa = XCBuildConfiguration;
			buildSettings = {
				BUNDLE_LOADER = "$(TEST_HOST)";
				CODE_SIGN_STYLE = Automatic;
				CURRENT_PROJECT_VERSION = 1;
				GENERATE_INFOPLIST_FILE = YES;
				MARKETING_VERSION = 1.0;
				PRODUCT_BUNDLE_IDENTIFIER = com.JiYoon.BookSearchViewModelTests;
				PRODUCT_NAME = "$(TARGET_NAME)";
				SUPPORTED_PLATFORMS = "iphoneos iphonesimulator";
				SUPPORTS_MACCATALYST = NO;
				SUPPORTS_MAC_DESIGNED_FOR_IPHONE_IPAD = NO;
				SUPPORTS_XR_DESIGNED_FOR_IPHONE_IPAD = NO;
				SWIFT_EMIT_LOC_STRINGS = NO;
				SWIFT_VERSION = 5.0;
				TARGETED_DEVICE_FAMILY = 1;
				TEST_HOST = "$(BUILT_PRODUCTS_DIR)/BookProject.app/$(BUNDLE_EXECUTABLE_FOLDER_PATH)/BookProject";
			};
			name = Debug;
		};
		F224D6C92E9A5A290094EC2C /* Release */ = {
			isa = XCBuildConfiguration;
			buildSettings = {
				BUNDLE_LOADER = "$(TEST_HOST)";
				CODE_SIGN_STYLE = Automatic;
				CURRENT_PROJECT_VERSION = 1;
				GENERATE_INFOPLIST_FILE = YES;
				MARKETING_VERSION = 1.0;
				PRODUCT_BUNDLE_IDENTIFIER = com.JiYoon.BookSearchViewModelTests;
				PRODUCT_NAME = "$(TARGET_NAME)";
				SUPPORTED_PLATFORMS = "iphoneos iphonesimulator";
				SUPPORTS_MACCATALYST = NO;
				SUPPORTS_MAC_DESIGNED_FOR_IPHONE_IPAD = NO;
				SUPPORTS_XR_DESIGNED_FOR_IPHONE_IPAD = NO;
				SWIFT_EMIT_LOC_STRINGS = NO;
				SWIFT_VERSION = 5.0;
				TARGETED_DEVICE_FAMILY = 1;
				TEST_HOST = "$(BUILT_PRODUCTS_DIR)/BookProject.app/$(BUNDLE_EXECUTABLE_FOLDER_PATH)/BookProject";
			};
			name = Release;
		};
		F252EF502E421F3B000F38D4 /* Debug */ = {
			isa = XCBuildConfiguration;
			buildSettings = {
				ASSETCATALOG_COMPILER_APPICON_NAME = AppIcon;
				ASSETCATALOG_COMPILER_GLOBAL_ACCENT_COLOR_NAME = AccentColor;
				CODE_SIGN_STYLE = Automatic;
				CURRENT_PROJECT_VERSION = 1;
				GENERATE_INFOPLIST_FILE = YES;
				INFOPLIST_FILE = BookProject/Info.plist;
				INFOPLIST_KEY_UIApplicationSupportsIndirectInputEvents = YES;
				INFOPLIST_KEY_UILaunchStoryboardName = LaunchScreen;
				INFOPLIST_KEY_UIMainStoryboardFile = Main;
				INFOPLIST_KEY_UISupportedInterfaceOrientations = UIInterfaceOrientationPortrait;
				INFOPLIST_KEY_UISupportedInterfaceOrientations_iPad = "UIInterfaceOrientationLandscapeLeft UIInterfaceOrientationLandscapeRight UIInterfaceOrientationPortrait UIInterfaceOrientationPortraitUpsideDown";
				IPHONEOS_DEPLOYMENT_TARGET = 15.6;
				LD_RUNPATH_SEARCH_PATHS = (
					"$(inherited)",
					"@executable_path/Frameworks",
				);
				MARKETING_VERSION = 1.0;
				PRODUCT_BUNDLE_IDENTIFIER = com.JiYoon.BookProject;
				PRODUCT_NAME = "$(TARGET_NAME)";
				SUPPORTED_PLATFORMS = "iphoneos iphonesimulator";
				SUPPORTS_MACCATALYST = NO;
				SUPPORTS_MAC_DESIGNED_FOR_IPHONE_IPAD = NO;
				SUPPORTS_XR_DESIGNED_FOR_IPHONE_IPAD = NO;
				SWIFT_EMIT_LOC_STRINGS = YES;
				SWIFT_VERSION = 5.0;
				TARGETED_DEVICE_FAMILY = 1;
			};
			name = Debug;
		};
		F252EF512E421F3B000F38D4 /* Release */ = {
			isa = XCBuildConfiguration;
			buildSettings = {
				ASSETCATALOG_COMPILER_APPICON_NAME = AppIcon;
				ASSETCATALOG_COMPILER_GLOBAL_ACCENT_COLOR_NAME = AccentColor;
				CODE_SIGN_STYLE = Automatic;
				CURRENT_PROJECT_VERSION = 1;
				GENERATE_INFOPLIST_FILE = YES;
				INFOPLIST_FILE = BookProject/Info.plist;
				INFOPLIST_KEY_UIApplicationSupportsIndirectInputEvents = YES;
				INFOPLIST_KEY_UILaunchStoryboardName = LaunchScreen;
				INFOPLIST_KEY_UIMainStoryboardFile = Main;
				INFOPLIST_KEY_UISupportedInterfaceOrientations = UIInterfaceOrientationPortrait;
				INFOPLIST_KEY_UISupportedInterfaceOrientations_iPad = "UIInterfaceOrientationLandscapeLeft UIInterfaceOrientationLandscapeRight UIInterfaceOrientationPortrait UIInterfaceOrientationPortraitUpsideDown";
				IPHONEOS_DEPLOYMENT_TARGET = 15.6;
				LD_RUNPATH_SEARCH_PATHS = (
					"$(inherited)",
					"@executable_path/Frameworks",
				);
				MARKETING_VERSION = 1.0;
				PRODUCT_BUNDLE_IDENTIFIER = com.JiYoon.BookProject;
				PRODUCT_NAME = "$(TARGET_NAME)";
				SUPPORTED_PLATFORMS = "iphoneos iphonesimulator";
				SUPPORTS_MACCATALYST = NO;
				SUPPORTS_MAC_DESIGNED_FOR_IPHONE_IPAD = NO;
				SUPPORTS_XR_DESIGNED_FOR_IPHONE_IPAD = NO;
				SWIFT_EMIT_LOC_STRINGS = YES;
				SWIFT_VERSION = 5.0;
				TARGETED_DEVICE_FAMILY = 1;
			};
			name = Release;
		};
		F252EF522E421F3B000F38D4 /* Debug */ = {
			isa = XCBuildConfiguration;
			buildSettings = {
				ALWAYS_SEARCH_USER_PATHS = NO;
				ASSETCATALOG_COMPILER_GENERATE_SWIFT_ASSET_SYMBOL_EXTENSIONS = YES;
				CLANG_ANALYZER_NONNULL = YES;
				CLANG_ANALYZER_NUMBER_OBJECT_CONVERSION = YES_AGGRESSIVE;
				CLANG_CXX_LANGUAGE_STANDARD = "gnu++20";
				CLANG_ENABLE_MODULES = YES;
				CLANG_ENABLE_OBJC_ARC = YES;
				CLANG_ENABLE_OBJC_WEAK = YES;
				CLANG_WARN_BLOCK_CAPTURE_AUTORELEASING = YES;
				CLANG_WARN_BOOL_CONVERSION = YES;
				CLANG_WARN_COMMA = YES;
				CLANG_WARN_CONSTANT_CONVERSION = YES;
				CLANG_WARN_DEPRECATED_OBJC_IMPLEMENTATIONS = YES;
				CLANG_WARN_DIRECT_OBJC_ISA_USAGE = YES_ERROR;
				CLANG_WARN_DOCUMENTATION_COMMENTS = YES;
				CLANG_WARN_EMPTY_BODY = YES;
				CLANG_WARN_ENUM_CONVERSION = YES;
				CLANG_WARN_INFINITE_RECURSION = YES;
				CLANG_WARN_INT_CONVERSION = YES;
				CLANG_WARN_NON_LITERAL_NULL_CONVERSION = YES;
				CLANG_WARN_OBJC_IMPLICIT_RETAIN_SELF = YES;
				CLANG_WARN_OBJC_LITERAL_CONVERSION = YES;
				CLANG_WARN_OBJC_ROOT_CLASS = YES_ERROR;
				CLANG_WARN_QUOTED_INCLUDE_IN_FRAMEWORK_HEADER = YES;
				CLANG_WARN_RANGE_LOOP_ANALYSIS = YES;
				CLANG_WARN_STRICT_PROTOTYPES = YES;
				CLANG_WARN_SUSPICIOUS_MOVE = YES;
				CLANG_WARN_UNGUARDED_AVAILABILITY = YES_AGGRESSIVE;
				CLANG_WARN_UNREACHABLE_CODE = YES;
				CLANG_WARN__DUPLICATE_METHOD_MATCH = YES;
				COPY_PHASE_STRIP = NO;
				DEBUG_INFORMATION_FORMAT = dwarf;
				ENABLE_STRICT_OBJC_MSGSEND = YES;
				ENABLE_TESTABILITY = YES;
				ENABLE_USER_SCRIPT_SANDBOXING = YES;
				GCC_C_LANGUAGE_STANDARD = gnu17;
				GCC_DYNAMIC_NO_PIC = NO;
				GCC_NO_COMMON_BLOCKS = YES;
				GCC_OPTIMIZATION_LEVEL = 0;
				GCC_PREPROCESSOR_DEFINITIONS = (
					"DEBUG=1",
					"$(inherited)",
				);
				GCC_WARN_64_TO_32_BIT_CONVERSION = YES;
				GCC_WARN_ABOUT_RETURN_TYPE = YES_ERROR;
				GCC_WARN_UNDECLARED_SELECTOR = YES;
				GCC_WARN_UNINITIALIZED_AUTOS = YES_AGGRESSIVE;
				GCC_WARN_UNUSED_FUNCTION = YES;
				GCC_WARN_UNUSED_VARIABLE = YES;
				IPHONEOS_DEPLOYMENT_TARGET = 18.1;
				LOCALIZATION_PREFERS_STRING_CATALOGS = YES;
				MTL_ENABLE_DEBUG_INFO = INCLUDE_SOURCE;
				MTL_FAST_MATH = YES;
				ONLY_ACTIVE_ARCH = YES;
				SDKROOT = iphoneos;
				SWIFT_ACTIVE_COMPILATION_CONDITIONS = "DEBUG $(inherited)";
				SWIFT_OPTIMIZATION_LEVEL = "-Onone";
			};
			name = Debug;
		};
		F252EF532E421F3B000F38D4 /* Release */ = {
			isa = XCBuildConfiguration;
			buildSettings = {
				ALWAYS_SEARCH_USER_PATHS = NO;
				ASSETCATALOG_COMPILER_GENERATE_SWIFT_ASSET_SYMBOL_EXTENSIONS = YES;
				CLANG_ANALYZER_NONNULL = YES;
				CLANG_ANALYZER_NUMBER_OBJECT_CONVERSION = YES_AGGRESSIVE;
				CLANG_CXX_LANGUAGE_STANDARD = "gnu++20";
				CLANG_ENABLE_MODULES = YES;
				CLANG_ENABLE_OBJC_ARC = YES;
				CLANG_ENABLE_OBJC_WEAK = YES;
				CLANG_WARN_BLOCK_CAPTURE_AUTORELEASING = YES;
				CLANG_WARN_BOOL_CONVERSION = YES;
				CLANG_WARN_COMMA = YES;
				CLANG_WARN_CONSTANT_CONVERSION = YES;
				CLANG_WARN_DEPRECATED_OBJC_IMPLEMENTATIONS = YES;
				CLANG_WARN_DIRECT_OBJC_ISA_USAGE = YES_ERROR;
				CLANG_WARN_DOCUMENTATION_COMMENTS = YES;
				CLANG_WARN_EMPTY_BODY = YES;
				CLANG_WARN_ENUM_CONVERSION = YES;
				CLANG_WARN_INFINITE_RECURSION = YES;
				CLANG_WARN_INT_CONVERSION = YES;
				CLANG_WARN_NON_LITERAL_NULL_CONVERSION = YES;
				CLANG_WARN_OBJC_IMPLICIT_RETAIN_SELF = YES;
				CLANG_WARN_OBJC_LITERAL_CONVERSION = YES;
				CLANG_WARN_OBJC_ROOT_CLASS = YES_ERROR;
				CLANG_WARN_QUOTED_INCLUDE_IN_FRAMEWORK_HEADER = YES;
				CLANG_WARN_RANGE_LOOP_ANALYSIS = YES;
				CLANG_WARN_STRICT_PROTOTYPES = YES;
				CLANG_WARN_SUSPICIOUS_MOVE = YES;
				CLANG_WARN_UNGUARDED_AVAILABILITY = YES_AGGRESSIVE;
				CLANG_WARN_UNREACHABLE_CODE = YES;
				CLANG_WARN__DUPLICATE_METHOD_MATCH = YES;
				COPY_PHASE_STRIP = NO;
				DEBUG_INFORMATION_FORMAT = "dwarf-with-dsym";
				ENABLE_NS_ASSERTIONS = NO;
				ENABLE_STRICT_OBJC_MSGSEND = YES;
				ENABLE_USER_SCRIPT_SANDBOXING = YES;
				GCC_C_LANGUAGE_STANDARD = gnu17;
				GCC_NO_COMMON_BLOCKS = YES;
				GCC_WARN_64_TO_32_BIT_CONVERSION = YES;
				GCC_WARN_ABOUT_RETURN_TYPE = YES_ERROR;
				GCC_WARN_UNDECLARED_SELECTOR = YES;
				GCC_WARN_UNINITIALIZED_AUTOS = YES_AGGRESSIVE;
				GCC_WARN_UNUSED_FUNCTION = YES;
				GCC_WARN_UNUSED_VARIABLE = YES;
				IPHONEOS_DEPLOYMENT_TARGET = 18.1;
				LOCALIZATION_PREFERS_STRING_CATALOGS = YES;
				MTL_ENABLE_DEBUG_INFO = NO;
				MTL_FAST_MATH = YES;
				SDKROOT = iphoneos;
				SWIFT_COMPILATION_MODE = wholemodule;
				VALIDATE_PRODUCT = YES;
			};
			name = Release;
		};
/* End XCBuildConfiguration section */

/* Begin XCConfigurationList section */
		F224D6AD2E9A4A8B0094EC2C /* Build configuration list for PBXNativeTarget "BookListViewModelTests" */ = {
			isa = XCConfigurationList;
			buildConfigurations = (
				F224D6AE2E9A4A8B0094EC2C /* Debug */,
				F224D6AF2E9A4A8B0094EC2C /* Release */,
			);
			defaultConfigurationIsVisible = 0;
			defaultConfigurationName = Release;
		};
		F224D6BA2E9A4AC10094EC2C /* Build configuration list for PBXNativeTarget "BookPictureViewModelTests" */ = {
			isa = XCConfigurationList;
			buildConfigurations = (
				F224D6BB2E9A4AC10094EC2C /* Debug */,
				F224D6BC2E9A4AC10094EC2C /* Release */,
			);
			defaultConfigurationIsVisible = 0;
			defaultConfigurationName = Release;
		};
		F224D6C72E9A5A290094EC2C /* Build configuration list for PBXNativeTarget "BookSearchViewModelTests" */ = {
			isa = XCConfigurationList;
			buildConfigurations = (
				F224D6C82E9A5A290094EC2C /* Debug */,
				F224D6C92E9A5A290094EC2C /* Release */,
			);
			defaultConfigurationIsVisible = 0;
			defaultConfigurationName = Release;
		};
		F252EF372E421F39000F38D4 /* Build configuration list for PBXProject "BookProject" */ = {
			isa = XCConfigurationList;
			buildConfigurations = (
				F252EF522E421F3B000F38D4 /* Debug */,
				F252EF532E421F3B000F38D4 /* Release */,
			);
			defaultConfigurationIsVisible = 0;
			defaultConfigurationName = Release;
		};
		F252EF4F2E421F3B000F38D4 /* Build configuration list for PBXNativeTarget "BookProject" */ = {
			isa = XCConfigurationList;
			buildConfigurations = (
				F252EF502E421F3B000F38D4 /* Debug */,
				F252EF512E421F3B000F38D4 /* Release */,
			);
			defaultConfigurationIsVisible = 0;
			defaultConfigurationName = Release;
		};
/* End XCConfigurationList section */

/* Begin XCRemoteSwiftPackageReference section */
		F20D19FD2E8BEA3900EE0CC1 /* XCRemoteSwiftPackageReference "SnapKit" */ = {
			isa = XCRemoteSwiftPackageReference;
			repositoryURL = "https://github.com/SnapKit/SnapKit.git";
			requirement = {
				kind = upToNextMajorVersion;
				minimumVersion = 5.7.1;
			};
		};
		F251E0BC2E9A41D000EEB92C /* XCRemoteSwiftPackageReference "Alamofire" */ = {
			isa = XCRemoteSwiftPackageReference;
			repositoryURL = "https://github.com/Alamofire/Alamofire.git";
			requirement = {
				kind = upToNextMajorVersion;
				minimumVersion = 5.10.2;
			};
		};
/* End XCRemoteSwiftPackageReference section */

/* Begin XCSwiftPackageProductDependency section */
		F20D19FE2E8BEA3900EE0CC1 /* SnapKit */ = {
			isa = XCSwiftPackageProductDependency;
			package = F20D19FD2E8BEA3900EE0CC1 /* XCRemoteSwiftPackageReference "SnapKit" */;
			productName = SnapKit;
		};
		F251E0BD2E9A41D000EEB92C /* Alamofire */ = {
			isa = XCSwiftPackageProductDependency;
			package = F251E0BC2E9A41D000EEB92C /* XCRemoteSwiftPackageReference "Alamofire" */;
			productName = Alamofire;
		};
/* End XCSwiftPackageProductDependency section */
	};
	rootObject = F252EF342E421F39000F38D4 /* Project object */;
}
